
Microsoft Visual Studio Solution File, Format Version 12.00
# Visual Studio Version 17
VisualStudioVersion = 17.5.33530.505
MinimumVisualStudioVersion = 10.0.40219.1
Project("{FAE04EC0-301F-11D3-BF4B-00C04F79EFBC}") = "Store", "Store\Store.csproj", "{65E58EB2-413D-413B-876A-8B831AE25944}"
EndProject
Global
	GlobalSection(SolutionConfigurationPlatforms) = preSolution
		Debug|Any CPU = Debug|Any CPU
		Release|Any CPU = Release|Any CPU
	EndGlobalSection
	GlobalSection(ProjectConfigurationPlatforms) = postSolution
		{65E58EB2-413D-413B-876A-8B831AE25944}.Debug|Any CPU.ActiveCfg = Debug|Any CPU
		{65E58EB2-413D-413B-876A-8B831AE25944}.Debug|Any CPU.Build.0 = Debug|Any CPU
		{65E58EB2-413D-413B-876A-8B831AE25944}.Release|Any CPU.ActiveCfg = Release|Any CPU
		{65E58EB2-413D-413B-876A-8B831AE25944}.Release|Any CPU.Build.0 = Release|Any CPU
	EndGlobalSection
	GlobalSection(SolutionProperties) = preSolution
		HideSolutionNode = FALSE
	EndGlobalSection
	GlobalSection(ExtensibilityGlobals) = postSolution
		SolutionGuid = {013AF6C3-AC45-4868-8DF1-1EC607294272}
	EndGlobalSection
EndGlobal
